// !$*UTF8*$!
{
	archiveVersion = 1;
	classes = {
	};
	objectVersion = 77;
	objects = {

/* Begin PBXBuildFile section */
		0D0EA6C62CB5BD4A00AEEE65 /* BottomSheet in Frameworks */ = {isa = PBXBuildFile; productRef = 0D0EA6C52CB5BD4A00AEEE65 /* BottomSheet */; };
		0D5F58D92CA4C6C400342D3F /* README.md in Sources */ = {isa = PBXBuildFile; fileRef = 0D5F58D82CA4C6BD00342D3F /* README.md */; };
		0D5F59742CA4CF5500342D3F /* SentrySwiftUI in Frameworks */ = {isa = PBXBuildFile; productRef = 0D5F59732CA4CF5500342D3F /* SentrySwiftUI */; };
		0D5F5B162CA62D9A00342D3F /* AlertToast in Frameworks */ = {isa = PBXBuildFile; productRef = 0D5F5B152CA62D9A00342D3F /* AlertToast */; };
		0D7E9C2F2CAC870000CAC020 /* .gitignore in Resources */ = {isa = PBXBuildFile; fileRef = 0D7E9C2E2CAC870000CAC020 /* .gitignore */; };
		0DB7144B2CBC8A65008A0BAC /* WidgetKit.framework in Frameworks */ = {isa = PBXBuildFile; fileRef = 0DB7144A2CBC8A65008A0BAC /* WidgetKit.framework */; };
		0DB7144D2CBC8A65008A0BAC /* SwiftUI.framework in Frameworks */ = {isa = PBXBuildFile; fileRef = 0DB7144C2CBC8A65008A0BAC /* SwiftUI.framework */; };
		0DB7145A2CBC8A66008A0BAC /* PriceWidgetExtension.appex in Embed Foundation Extensions */ = {isa = PBXBuildFile; fileRef = 0DB714482CBC8A65008A0BAC /* PriceWidgetExtension.appex */; settings = {ATTRIBUTES = (RemoveHeadersOnCopy, ); }; };
/* End PBXBuildFile section */

/* Begin PBXContainerItemProxy section */
		0DB714582CBC8A66008A0BAC /* PBXContainerItemProxy */ = {
			isa = PBXContainerItemProxy;
			containerPortal = 0D5F58692CA42B8300342D3F /* Project object */;
			proxyType = 1;
			remoteGlobalIDString = 0DB714472CBC8A65008A0BAC;
			remoteInfo = PriceWidgetExtension;
		};
/* End PBXContainerItemProxy section */

/* Begin PBXCopyFilesBuildPhase section */
		0DB7145B2CBC8A66008A0BAC /* Embed Foundation Extensions */ = {
			isa = PBXCopyFilesBuildPhase;
			buildActionMask = 2147483647;
			dstPath = "";
			dstSubfolderSpec = 13;
			files = (
				0DB7145A2CBC8A66008A0BAC /* PriceWidgetExtension.appex in Embed Foundation Extensions */,
			);
			name = "Embed Foundation Extensions";
			runOnlyForDeploymentPostprocessing = 0;
		};
/* End PBXCopyFilesBuildPhase section */

/* Begin PBXFileReference section */
		0D5F58712CA42B8300342D3F /* FuelStationsSpain.app */ = {isa = PBXFileReference; explicitFileType = wrapper.application; includeInIndex = 0; path = FuelStationsSpain.app; sourceTree = BUILT_PRODUCTS_DIR; };
		0D5F58D82CA4C6BD00342D3F /* README.md */ = {isa = PBXFileReference; lastKnownFileType = net.daringfireball.markdown; path = README.md; sourceTree = "<group>"; };
		0D7E9C2E2CAC870000CAC020 /* .gitignore */ = {isa = PBXFileReference; lastKnownFileType = text; path = .gitignore; sourceTree = "<group>"; };
		0DB714482CBC8A65008A0BAC /* PriceWidgetExtension.appex */ = {isa = PBXFileReference; explicitFileType = "wrapper.app-extension"; includeInIndex = 0; path = PriceWidgetExtension.appex; sourceTree = BUILT_PRODUCTS_DIR; };
		0DB7144A2CBC8A65008A0BAC /* WidgetKit.framework */ = {isa = PBXFileReference; lastKnownFileType = wrapper.framework; name = WidgetKit.framework; path = System/Library/Frameworks/WidgetKit.framework; sourceTree = SDKROOT; };
		0DB7144C2CBC8A65008A0BAC /* SwiftUI.framework */ = {isa = PBXFileReference; lastKnownFileType = wrapper.framework; name = SwiftUI.framework; path = System/Library/Frameworks/SwiftUI.framework; sourceTree = SDKROOT; };
		0DB7146C2CBC8DEE008A0BAC /* PriceWidgetExtension.entitlements */ = {isa = PBXFileReference; lastKnownFileType = text.plist.entitlements; path = PriceWidgetExtension.entitlements; sourceTree = "<group>"; };
/* End PBXFileReference section */

/* Begin PBXFileSystemSynchronizedBuildFileExceptionSet section */
		0DB7145E2CBC8A66008A0BAC /* Exceptions for "PriceWidget" folder in "PriceWidgetExtension" target */ = {
			isa = PBXFileSystemSynchronizedBuildFileExceptionSet;
			membershipExceptions = (
				Info.plist,
			);
			target = 0DB714472CBC8A65008A0BAC /* PriceWidgetExtension */;
		};
		0DB714612CBC8AAA008A0BAC /* Exceptions for "FuelStationsSpain" folder in "PriceWidgetExtension" target */ = {
			isa = PBXFileSystemSynchronizedBuildFileExceptionSet;
			membershipExceptions = (
				Constants/Config.swift,
				Constants/Enums.swift,
				FuelStationsSpain.xcdatamodeld,
				Localizable.xcstrings,
				Models/FuelStationsHistoricResult.swift,
				Models/FuelStationsResult.swift,
				Models/MunicipalitiesResult.swift,
				Models/StatusResponse.swift,
				Services/ApiClient.swift,
				Services/Persistence.swift,
				Utils/CustomJSONEncoder.swift,
				Utils/Dates.swift,
				Utils/HTTPClient.swift,
				Utils/NumberFormatter.swift,
			);
			target = 0DB714472CBC8A65008A0BAC /* PriceWidgetExtension */;
		};
/* End PBXFileSystemSynchronizedBuildFileExceptionSet section */

/* Begin PBXFileSystemSynchronizedRootGroup section */
		0D5F58732CA42B8300342D3F /* FuelStationsSpain */ = {
			isa = PBXFileSystemSynchronizedRootGroup;
			exceptions = (
				0DB714612CBC8AAA008A0BAC /* Exceptions for "FuelStationsSpain" folder in "PriceWidgetExtension" target */,
			);
			path = FuelStationsSpain;
			sourceTree = "<group>";
		};
		0DB7144E2CBC8A65008A0BAC /* PriceWidget */ = {
			isa = PBXFileSystemSynchronizedRootGroup;
			exceptions = (
				0DB7145E2CBC8A66008A0BAC /* Exceptions for "PriceWidget" folder in "PriceWidgetExtension" target */,
			);
			path = PriceWidget;
			sourceTree = "<group>";
		};
/* End PBXFileSystemSynchronizedRootGroup section */

/* Begin PBXFrameworksBuildPhase section */
		0D5F586E2CA42B8300342D3F /* Frameworks */ = {
			isa = PBXFrameworksBuildPhase;
			buildActionMask = 2147483647;
			files = (
				0D5F59742CA4CF5500342D3F /* SentrySwiftUI in Frameworks */,
				0D0EA6C62CB5BD4A00AEEE65 /* BottomSheet in Frameworks */,
				0D5F5B162CA62D9A00342D3F /* AlertToast in Frameworks */,
			);
			runOnlyForDeploymentPostprocessing = 0;
		};
		0DB714452CBC8A65008A0BAC /* Frameworks */ = {
			isa = PBXFrameworksBuildPhase;
			buildActionMask = 2147483647;
			files = (
				0DB7144D2CBC8A65008A0BAC /* SwiftUI.framework in Frameworks */,
				0DB7144B2CBC8A65008A0BAC /* WidgetKit.framework in Frameworks */,
			);
			runOnlyForDeploymentPostprocessing = 0;
		};
/* End PBXFrameworksBuildPhase section */

/* Begin PBXGroup section */
		0D5F58682CA42B8300342D3F = {
			isa = PBXGroup;
			children = (
				0DB7146C2CBC8DEE008A0BAC /* PriceWidgetExtension.entitlements */,
				0D5F58732CA42B8300342D3F /* FuelStationsSpain */,
				0DB7144E2CBC8A65008A0BAC /* PriceWidget */,
				0DB714492CBC8A65008A0BAC /* Frameworks */,
				0D5F58722CA42B8300342D3F /* Products */,
				0D5F58D82CA4C6BD00342D3F /* README.md */,
				0D7E9C2E2CAC870000CAC020 /* .gitignore */,
			);
			sourceTree = "<group>";
		};
		0D5F58722CA42B8300342D3F /* Products */ = {
			isa = PBXGroup;
			children = (
				0D5F58712CA42B8300342D3F /* FuelStationsSpain.app */,
				0DB714482CBC8A65008A0BAC /* PriceWidgetExtension.appex */,
			);
			name = Products;
			sourceTree = "<group>";
		};
		0DB714492CBC8A65008A0BAC /* Frameworks */ = {
			isa = PBXGroup;
			children = (
				0DB7144A2CBC8A65008A0BAC /* WidgetKit.framework */,
				0DB7144C2CBC8A65008A0BAC /* SwiftUI.framework */,
			);
			name = Frameworks;
			sourceTree = "<group>";
		};
/* End PBXGroup section */

/* Begin PBXNativeTarget section */
		0D5F58702CA42B8300342D3F /* FuelStationsSpain */ = {
			isa = PBXNativeTarget;
			buildConfigurationList = 0D5F58842CA42B8400342D3F /* Build configuration list for PBXNativeTarget "FuelStationsSpain" */;
			buildPhases = (
				0D5F586D2CA42B8300342D3F /* Sources */,
				0D5F586E2CA42B8300342D3F /* Frameworks */,
				0D5F586F2CA42B8300342D3F /* Resources */,
				0DB7145B2CBC8A66008A0BAC /* Embed Foundation Extensions */,
			);
			buildRules = (
			);
			dependencies = (
				0DB714592CBC8A66008A0BAC /* PBXTargetDependency */,
			);
			fileSystemSynchronizedGroups = (
				0D5F58732CA42B8300342D3F /* FuelStationsSpain */,
			);
			name = FuelStationsSpain;
			packageProductDependencies = (
				0D5F59732CA4CF5500342D3F /* SentrySwiftUI */,
				0D5F5B152CA62D9A00342D3F /* AlertToast */,
				0D0EA6C52CB5BD4A00AEEE65 /* BottomSheet */,
			);
			productName = FuelStationsSpain;
			productReference = 0D5F58712CA42B8300342D3F /* FuelStationsSpain.app */;
			productType = "com.apple.product-type.application";
		};
		0DB714472CBC8A65008A0BAC /* PriceWidgetExtension */ = {
			isa = PBXNativeTarget;
			buildConfigurationList = 0DB7145F2CBC8A66008A0BAC /* Build configuration list for PBXNativeTarget "PriceWidgetExtension" */;
			buildPhases = (
				0DB714442CBC8A65008A0BAC /* Sources */,
				0DB714452CBC8A65008A0BAC /* Frameworks */,
				0DB714462CBC8A65008A0BAC /* Resources */,
			);
			buildRules = (
			);
			dependencies = (
			);
			fileSystemSynchronizedGroups = (
				0DB7144E2CBC8A65008A0BAC /* PriceWidget */,
			);
			name = PriceWidgetExtension;
			packageProductDependencies = (
			);
			productName = PriceWidgetExtension;
			productReference = 0DB714482CBC8A65008A0BAC /* PriceWidgetExtension.appex */;
			productType = "com.apple.product-type.app-extension";
		};
/* End PBXNativeTarget section */

/* Begin PBXProject section */
		0D5F58692CA42B8300342D3F /* Project object */ = {
			isa = PBXProject;
			attributes = {
				BuildIndependentTargetsInParallel = 1;
				LastSwiftUpdateCheck = 1600;
				LastUpgradeCheck = 1600;
				TargetAttributes = {
					0D5F58702CA42B8300342D3F = {
						CreatedOnToolsVersion = 16.0;
					};
					0DB714472CBC8A65008A0BAC = {
						CreatedOnToolsVersion = 16.0;
					};
				};
			};
			buildConfigurationList = 0D5F586C2CA42B8300342D3F /* Build configuration list for PBXProject "FuelStationsSpain" */;
			developmentRegion = en;
			hasScannedForEncodings = 0;
			knownRegions = (
				en,
				Base,
				es,
			);
			mainGroup = 0D5F58682CA42B8300342D3F;
			minimizedProjectReferenceProxies = 1;
			packageReferences = (
				0D5F59722CA4CF5500342D3F /* XCRemoteSwiftPackageReference "sentry-cocoa" */,
				0D5F5B142CA62D9A00342D3F /* XCRemoteSwiftPackageReference "AlertToast" */,
				0D0EA6C42CB5BD4A00AEEE65 /* XCRemoteSwiftPackageReference "BottomSheet" */,
			);
			preferredProjectObjectVersion = 77;
			productRefGroup = 0D5F58722CA42B8300342D3F /* Products */;
			projectDirPath = "";
			projectRoot = "";
			targets = (
				0D5F58702CA42B8300342D3F /* FuelStationsSpain */,
				0DB714472CBC8A65008A0BAC /* PriceWidgetExtension */,
			);
		};
/* End PBXProject section */

/* Begin PBXResourcesBuildPhase section */
		0D5F586F2CA42B8300342D3F /* Resources */ = {
			isa = PBXResourcesBuildPhase;
			buildActionMask = 2147483647;
			files = (
				0D7E9C2F2CAC870000CAC020 /* .gitignore in Resources */,
			);
			runOnlyForDeploymentPostprocessing = 0;
		};
		0DB714462CBC8A65008A0BAC /* Resources */ = {
			isa = PBXResourcesBuildPhase;
			buildActionMask = 2147483647;
			files = (
			);
			runOnlyForDeploymentPostprocessing = 0;
		};
/* End PBXResourcesBuildPhase section */

/* Begin PBXSourcesBuildPhase section */
		0D5F586D2CA42B8300342D3F /* Sources */ = {
			isa = PBXSourcesBuildPhase;
			buildActionMask = 2147483647;
			files = (
				0D5F58D92CA4C6C400342D3F /* README.md in Sources */,
			);
			runOnlyForDeploymentPostprocessing = 0;
		};
		0DB714442CBC8A65008A0BAC /* Sources */ = {
			isa = PBXSourcesBuildPhase;
			buildActionMask = 2147483647;
			files = (
			);
			runOnlyForDeploymentPostprocessing = 0;
		};
/* End PBXSourcesBuildPhase section */

/* Begin PBXTargetDependency section */
		0DB714592CBC8A66008A0BAC /* PBXTargetDependency */ = {
			isa = PBXTargetDependency;
			target = 0DB714472CBC8A65008A0BAC /* PriceWidgetExtension */;
			targetProxy = 0DB714582CBC8A66008A0BAC /* PBXContainerItemProxy */;
		};
/* End PBXTargetDependency section */

/* Begin XCBuildConfiguration section */
		0D5F58822CA42B8400342D3F /* Debug */ = {
			isa = XCBuildConfiguration;
			buildSettings = {
				ALWAYS_SEARCH_USER_PATHS = NO;
				ASSETCATALOG_COMPILER_GENERATE_SWIFT_ASSET_SYMBOL_EXTENSIONS = YES;
				CLANG_ANALYZER_NONNULL = YES;
				CLANG_ANALYZER_NUMBER_OBJECT_CONVERSION = YES_AGGRESSIVE;
				CLANG_CXX_LANGUAGE_STANDARD = "gnu++20";
				CLANG_ENABLE_MODULES = YES;
				CLANG_ENABLE_OBJC_ARC = YES;
				CLANG_ENABLE_OBJC_WEAK = YES;
				CLANG_WARN_BLOCK_CAPTURE_AUTORELEASING = YES;
				CLANG_WARN_BOOL_CONVERSION = YES;
				CLANG_WARN_COMMA = YES;
				CLANG_WARN_CONSTANT_CONVERSION = YES;
				CLANG_WARN_DEPRECATED_OBJC_IMPLEMENTATIONS = YES;
				CLANG_WARN_DIRECT_OBJC_ISA_USAGE = YES_ERROR;
				CLANG_WARN_DOCUMENTATION_COMMENTS = YES;
				CLANG_WARN_EMPTY_BODY = YES;
				CLANG_WARN_ENUM_CONVERSION = YES;
				CLANG_WARN_INFINITE_RECURSION = YES;
				CLANG_WARN_INT_CONVERSION = YES;
				CLANG_WARN_NON_LITERAL_NULL_CONVERSION = YES;
				CLANG_WARN_OBJC_IMPLICIT_RETAIN_SELF = YES;
				CLANG_WARN_OBJC_LITERAL_CONVERSION = YES;
				CLANG_WARN_OBJC_ROOT_CLASS = YES_ERROR;
				CLANG_WARN_QUOTED_INCLUDE_IN_FRAMEWORK_HEADER = YES;
				CLANG_WARN_RANGE_LOOP_ANALYSIS = YES;
				CLANG_WARN_STRICT_PROTOTYPES = YES;
				CLANG_WARN_SUSPICIOUS_MOVE = YES;
				CLANG_WARN_UNGUARDED_AVAILABILITY = YES_AGGRESSIVE;
				CLANG_WARN_UNREACHABLE_CODE = YES;
				CLANG_WARN__DUPLICATE_METHOD_MATCH = YES;
				COPY_PHASE_STRIP = NO;
				DEBUG_INFORMATION_FORMAT = dwarf;
				ENABLE_STRICT_OBJC_MSGSEND = YES;
				ENABLE_TESTABILITY = YES;
				ENABLE_USER_SCRIPT_SANDBOXING = YES;
				GCC_C_LANGUAGE_STANDARD = gnu17;
				GCC_DYNAMIC_NO_PIC = NO;
				GCC_NO_COMMON_BLOCKS = YES;
				GCC_OPTIMIZATION_LEVEL = 0;
				GCC_PREPROCESSOR_DEFINITIONS = (
					"DEBUG=1",
					"$(inherited)",
				);
				GCC_WARN_64_TO_32_BIT_CONVERSION = YES;
				GCC_WARN_ABOUT_RETURN_TYPE = YES_ERROR;
				GCC_WARN_UNDECLARED_SELECTOR = YES;
				GCC_WARN_UNINITIALIZED_AUTOS = YES_AGGRESSIVE;
				GCC_WARN_UNUSED_FUNCTION = YES;
				GCC_WARN_UNUSED_VARIABLE = YES;
				IPHONEOS_DEPLOYMENT_TARGET = 18.0;
				LOCALIZATION_PREFERS_STRING_CATALOGS = YES;
				MTL_ENABLE_DEBUG_INFO = INCLUDE_SOURCE;
				MTL_FAST_MATH = YES;
				ONLY_ACTIVE_ARCH = YES;
				SDKROOT = iphoneos;
				SWIFT_ACTIVE_COMPILATION_CONDITIONS = "DEBUG $(inherited)";
				SWIFT_EMIT_LOC_STRINGS = YES;
				SWIFT_OPTIMIZATION_LEVEL = "-Onone";
			};
			name = Debug;
		};
		0D5F58832CA42B8400342D3F /* Release */ = {
			isa = XCBuildConfiguration;
			buildSettings = {
				ALWAYS_SEARCH_USER_PATHS = NO;
				ASSETCATALOG_COMPILER_GENERATE_SWIFT_ASSET_SYMBOL_EXTENSIONS = YES;
				CLANG_ANALYZER_NONNULL = YES;
				CLANG_ANALYZER_NUMBER_OBJECT_CONVERSION = YES_AGGRESSIVE;
				CLANG_CXX_LANGUAGE_STANDARD = "gnu++20";
				CLANG_ENABLE_MODULES = YES;
				CLANG_ENABLE_OBJC_ARC = YES;
				CLANG_ENABLE_OBJC_WEAK = YES;
				CLANG_WARN_BLOCK_CAPTURE_AUTORELEASING = YES;
				CLANG_WARN_BOOL_CONVERSION = YES;
				CLANG_WARN_COMMA = YES;
				CLANG_WARN_CONSTANT_CONVERSION = YES;
				CLANG_WARN_DEPRECATED_OBJC_IMPLEMENTATIONS = YES;
				CLANG_WARN_DIRECT_OBJC_ISA_USAGE = YES_ERROR;
				CLANG_WARN_DOCUMENTATION_COMMENTS = YES;
				CLANG_WARN_EMPTY_BODY = YES;
				CLANG_WARN_ENUM_CONVERSION = YES;
				CLANG_WARN_INFINITE_RECURSION = YES;
				CLANG_WARN_INT_CONVERSION = YES;
				CLANG_WARN_NON_LITERAL_NULL_CONVERSION = YES;
				CLANG_WARN_OBJC_IMPLICIT_RETAIN_SELF = YES;
				CLANG_WARN_OBJC_LITERAL_CONVERSION = YES;
				CLANG_WARN_OBJC_ROOT_CLASS = YES_ERROR;
				CLANG_WARN_QUOTED_INCLUDE_IN_FRAMEWORK_HEADER = YES;
				CLANG_WARN_RANGE_LOOP_ANALYSIS = YES;
				CLANG_WARN_STRICT_PROTOTYPES = YES;
				CLANG_WARN_SUSPICIOUS_MOVE = YES;
				CLANG_WARN_UNGUARDED_AVAILABILITY = YES_AGGRESSIVE;
				CLANG_WARN_UNREACHABLE_CODE = YES;
				CLANG_WARN__DUPLICATE_METHOD_MATCH = YES;
				COPY_PHASE_STRIP = NO;
				DEBUG_INFORMATION_FORMAT = "dwarf-with-dsym";
				ENABLE_NS_ASSERTIONS = NO;
				ENABLE_STRICT_OBJC_MSGSEND = YES;
				ENABLE_USER_SCRIPT_SANDBOXING = YES;
				GCC_C_LANGUAGE_STANDARD = gnu17;
				GCC_NO_COMMON_BLOCKS = YES;
				GCC_WARN_64_TO_32_BIT_CONVERSION = YES;
				GCC_WARN_ABOUT_RETURN_TYPE = YES_ERROR;
				GCC_WARN_UNDECLARED_SELECTOR = YES;
				GCC_WARN_UNINITIALIZED_AUTOS = YES_AGGRESSIVE;
				GCC_WARN_UNUSED_FUNCTION = YES;
				GCC_WARN_UNUSED_VARIABLE = YES;
				IPHONEOS_DEPLOYMENT_TARGET = 18.0;
				LOCALIZATION_PREFERS_STRING_CATALOGS = YES;
				MTL_ENABLE_DEBUG_INFO = NO;
				MTL_FAST_MATH = YES;
				SDKROOT = iphoneos;
				SWIFT_COMPILATION_MODE = wholemodule;
				SWIFT_EMIT_LOC_STRINGS = YES;
				VALIDATE_PRODUCT = YES;
			};
			name = Release;
		};
		0D5F58852CA42B8400342D3F /* Debug */ = {
			isa = XCBuildConfiguration;
			buildSettings = {
				ASSETCATALOG_COMPILER_APPICON_NAME = AppIcon;
				ASSETCATALOG_COMPILER_GLOBAL_ACCENT_COLOR_NAME = AccentColor;
				CODE_SIGN_ENTITLEMENTS = FuelStationsSpain/FuelStationsSpain.entitlements;
				CODE_SIGN_STYLE = Automatic;
				CURRENT_PROJECT_VERSION = 20;
				DEVELOPMENT_ASSET_PATHS = "\"FuelStationsSpain/Preview Content\"";
				DEVELOPMENT_TEAM = 38Z3B9TJTR;
				ENABLE_PREVIEWS = YES;
				GENERATE_INFOPLIST_FILE = YES;
				INFOPLIST_KEY_CFBundleDisplayName = HispaFuel;
				INFOPLIST_KEY_LSApplicationCategoryType = "public.app-category.reference";
				INFOPLIST_KEY_NSLocationAlwaysAndWhenInUseUsageDescription = "The application needs access to your location to show you the nearby service stations.";
				INFOPLIST_KEY_NSLocationWhenInUseUsageDescription = "The application needs access to your location to show you the nearby service stations.";
				INFOPLIST_KEY_UIApplicationSceneManifest_Generation = YES;
				INFOPLIST_KEY_UIApplicationSupportsIndirectInputEvents = YES;
				INFOPLIST_KEY_UILaunchScreen_Generation = YES;
				INFOPLIST_KEY_UISupportedInterfaceOrientations_iPad = "UIInterfaceOrientationPortrait UIInterfaceOrientationPortraitUpsideDown UIInterfaceOrientationLandscapeLeft UIInterfaceOrientationLandscapeRight";
				INFOPLIST_KEY_UISupportedInterfaceOrientations_iPhone = "UIInterfaceOrientationPortrait UIInterfaceOrientationLandscapeLeft UIInterfaceOrientationLandscapeRight";
				IPHONEOS_DEPLOYMENT_TARGET = 17.0;
				LD_RUNPATH_SEARCH_PATHS = (
					"$(inherited)",
					"@executable_path/Frameworks",
				);
				MARKETING_VERSION = 1.3.0;
				PRODUCT_BUNDLE_IDENTIFIER = com.jgeek00.FuelStationsSpain;
				PRODUCT_NAME = "$(TARGET_NAME)";
				SWIFT_EMIT_LOC_STRINGS = YES;
				SWIFT_VERSION = 6.0;
				TARGETED_DEVICE_FAMILY = "1,2";
			};
			name = Debug;
		};
		0D5F58862CA42B8400342D3F /* Release */ = {
			isa = XCBuildConfiguration;
			buildSettings = {
				ASSETCATALOG_COMPILER_APPICON_NAME = AppIcon;
				ASSETCATALOG_COMPILER_GLOBAL_ACCENT_COLOR_NAME = AccentColor;
				CODE_SIGN_ENTITLEMENTS = FuelStationsSpain/FuelStationsSpain.entitlements;
				CODE_SIGN_STYLE = Automatic;
				CURRENT_PROJECT_VERSION = 20;
				DEVELOPMENT_ASSET_PATHS = "\"FuelStationsSpain/Preview Content\"";
				DEVELOPMENT_TEAM = 38Z3B9TJTR;
				ENABLE_PREVIEWS = YES;
				GENERATE_INFOPLIST_FILE = YES;
				INFOPLIST_KEY_CFBundleDisplayName = HispaFuel;
				INFOPLIST_KEY_LSApplicationCategoryType = "public.app-category.reference";
				INFOPLIST_KEY_NSLocationAlwaysAndWhenInUseUsageDescription = "The application needs access to your location to show you the nearby service stations.";
				INFOPLIST_KEY_NSLocationWhenInUseUsageDescription = "The application needs access to your location to show you the nearby service stations.";
				INFOPLIST_KEY_UIApplicationSceneManifest_Generation = YES;
				INFOPLIST_KEY_UIApplicationSupportsIndirectInputEvents = YES;
				INFOPLIST_KEY_UILaunchScreen_Generation = YES;
				INFOPLIST_KEY_UISupportedInterfaceOrientations_iPad = "UIInterfaceOrientationPortrait UIInterfaceOrientationPortraitUpsideDown UIInterfaceOrientationLandscapeLeft UIInterfaceOrientationLandscapeRight";
				INFOPLIST_KEY_UISupportedInterfaceOrientations_iPhone = "UIInterfaceOrientationPortrait UIInterfaceOrientationLandscapeLeft UIInterfaceOrientationLandscapeRight";
				IPHONEOS_DEPLOYMENT_TARGET = 17.0;
				LD_RUNPATH_SEARCH_PATHS = (
					"$(inherited)",
					"@executable_path/Frameworks",
				);
				MARKETING_VERSION = 1.3.0;
				PRODUCT_BUNDLE_IDENTIFIER = com.jgeek00.FuelStationsSpain;
				PRODUCT_NAME = "$(TARGET_NAME)";
				SWIFT_ACTIVE_COMPILATION_CONDITIONS = RELEASE;
				SWIFT_EMIT_LOC_STRINGS = YES;
				SWIFT_VERSION = 6.0;
				TARGETED_DEVICE_FAMILY = "1,2";
			};
			name = Release;
		};
		0DB7145C2CBC8A66008A0BAC /* Debug */ = {
			isa = XCBuildConfiguration;
			buildSettings = {
				ASSETCATALOG_COMPILER_GLOBAL_ACCENT_COLOR_NAME = AccentColor;
				ASSETCATALOG_COMPILER_WIDGET_BACKGROUND_COLOR_NAME = WidgetBackground;
				CODE_SIGN_ENTITLEMENTS = PriceWidgetExtension.entitlements;
				CODE_SIGN_STYLE = Automatic;
				CURRENT_PROJECT_VERSION = 1;
				DEVELOPMENT_TEAM = 38Z3B9TJTR;
				GENERATE_INFOPLIST_FILE = YES;
				INFOPLIST_FILE = PriceWidget/Info.plist;
				INFOPLIST_KEY_CFBundleDisplayName = PriceWidget;
				INFOPLIST_KEY_NSHumanReadableCopyright = "";
				LD_RUNPATH_SEARCH_PATHS = (
					"$(inherited)",
					"@executable_path/Frameworks",
					"@executable_path/../../Frameworks",
				);
				MARKETING_VERSION = 1.0;
				PRODUCT_BUNDLE_IDENTIFIER = com.jgeek00.FuelStationsSpain.PriceWidget;
				PRODUCT_NAME = "$(TARGET_NAME)";
				SKIP_INSTALL = YES;
				SWIFT_EMIT_LOC_STRINGS = YES;
				SWIFT_VERSION = 5.0;
				TARGETED_DEVICE_FAMILY = "1,2";
			};
			name = Debug;
		};
		0DB7145D2CBC8A66008A0BAC /* Release */ = {
			isa = XCBuildConfiguration;
			buildSettings = {
				ASSETCATALOG_COMPILER_GLOBAL_ACCENT_COLOR_NAME = AccentColor;
				ASSETCATALOG_COMPILER_WIDGET_BACKGROUND_COLOR_NAME = WidgetBackground;
				CODE_SIGN_ENTITLEMENTS = PriceWidgetExtension.entitlements;
				CODE_SIGN_STYLE = Automatic;
				CURRENT_PROJECT_VERSION = 1;
				DEVELOPMENT_TEAM = 38Z3B9TJTR;
				GENERATE_INFOPLIST_FILE = YES;
				INFOPLIST_FILE = PriceWidget/Info.plist;
				INFOPLIST_KEY_CFBundleDisplayName = PriceWidget;
				INFOPLIST_KEY_NSHumanReadableCopyright = "";
				LD_RUNPATH_SEARCH_PATHS = (
					"$(inherited)",
					"@executable_path/Frameworks",
					"@executable_path/../../Frameworks",
				);
				MARKETING_VERSION = 1.0;
				PRODUCT_BUNDLE_IDENTIFIER = com.jgeek00.FuelStationsSpain.PriceWidget;
				PRODUCT_NAME = "$(TARGET_NAME)";
				SKIP_INSTALL = YES;
				SWIFT_EMIT_LOC_STRINGS = YES;
				SWIFT_VERSION = 5.0;
				TARGETED_DEVICE_FAMILY = "1,2";
			};
			name = Release;
		};
/* End XCBuildConfiguration section */

/* Begin XCConfigurationList section */
		0D5F586C2CA42B8300342D3F /* Build configuration list for PBXProject "FuelStationsSpain" */ = {
			isa = XCConfigurationList;
			buildConfigurations = (
				0D5F58822CA42B8400342D3F /* Debug */,
				0D5F58832CA42B8400342D3F /* Release */,
			);
			defaultConfigurationIsVisible = 0;
			defaultConfigurationName = Release;
		};
		0D5F58842CA42B8400342D3F /* Build configuration list for PBXNativeTarget "FuelStationsSpain" */ = {
			isa = XCConfigurationList;
			buildConfigurations = (
				0D5F58852CA42B8400342D3F /* Debug */,
				0D5F58862CA42B8400342D3F /* Release */,
			);
			defaultConfigurationIsVisible = 0;
			defaultConfigurationName = Release;
		};
		0DB7145F2CBC8A66008A0BAC /* Build configuration list for PBXNativeTarget "PriceWidgetExtension" */ = {
			isa = XCConfigurationList;
			buildConfigurations = (
				0DB7145C2CBC8A66008A0BAC /* Debug */,
				0DB7145D2CBC8A66008A0BAC /* Release */,
			);
			defaultConfigurationIsVisible = 0;
			defaultConfigurationName = Release;
		};
/* End XCConfigurationList section */

/* Begin XCRemoteSwiftPackageReference section */
		0D0EA6C42CB5BD4A00AEEE65 /* XCRemoteSwiftPackageReference "BottomSheet" */ = {
			isa = XCRemoteSwiftPackageReference;
			repositoryURL = "https://github.com/lucaszischka/BottomSheet";
			requirement = {
				kind = upToNextMajorVersion;
				minimumVersion = 3.1.1;
			};
		};
		0D5F59722CA4CF5500342D3F /* XCRemoteSwiftPackageReference "sentry-cocoa" */ = {
			isa = XCRemoteSwiftPackageReference;
			repositoryURL = "https://github.com/getsentry/sentry-cocoa.git";
			requirement = {
				kind = upToNextMajorVersion;
				minimumVersion = 8.36.0;
			};
		};
		0D5F5B142CA62D9A00342D3F /* XCRemoteSwiftPackageReference "AlertToast" */ = {
			isa = XCRemoteSwiftPackageReference;
			repositoryURL = "https://github.com/elai950/AlertToast.git";
			requirement = {
				kind = upToNextMajorVersion;
				minimumVersion = 1.3.9;
			};
		};
/* End XCRemoteSwiftPackageReference section */

/* Begin XCSwiftPackageProductDependency section */
		0D0EA6C52CB5BD4A00AEEE65 /* BottomSheet */ = {
			isa = XCSwiftPackageProductDependency;
			package = 0D0EA6C42CB5BD4A00AEEE65 /* XCRemoteSwiftPackageReference "BottomSheet" */;
			productName = BottomSheet;
		};
		0D5F59732CA4CF5500342D3F /* SentrySwiftUI */ = {
			isa = XCSwiftPackageProductDependency;
			package = 0D5F59722CA4CF5500342D3F /* XCRemoteSwiftPackageReference "sentry-cocoa" */;
			productName = SentrySwiftUI;
		};
		0D5F5B152CA62D9A00342D3F /* AlertToast */ = {
			isa = XCSwiftPackageProductDependency;
			package = 0D5F5B142CA62D9A00342D3F /* XCRemoteSwiftPackageReference "AlertToast" */;
			productName = AlertToast;
		};
/* End XCSwiftPackageProductDependency section */
	};
	rootObject = 0D5F58692CA42B8300342D3F /* Project object */;
}
